
Microsoft Visual Studio Solution File, Format Version 12.00
# Visual Studio Version 17
VisualStudioVersion = 17.2.32516.85
MinimumVisualStudioVersion = 10.0.40219.1
Project("{8BC9CEB8-8B4A-11D0-8D11-00A0C91BC942}") = "BMS7To4", "BMS7To4.vcxproj", "{CB8BE6F0-6613-4409-9C64-5527E175B18F}"
EndProject
Global
	GlobalSection(SolutionConfigurationPlatforms) = preSolution
		Debug|x64 = Debug|x64
		Debug|x86 = Debug|x86
		Release|x64 = Release|x64
		Release|x86 = Release|x86
	EndGlobalSection
	GlobalSection(ProjectConfigurationPlatforms) = postSolution
		{CB8BE6F0-6613-4409-9C64-5527E175B18F}.Debug|x64.ActiveCfg = Debug|x64
		{CB8BE6F0-6613-4409-9C64-5527E175B18F}.Debug|x64.Build.0 = Debug|x64
		{CB8BE6F0-6613-4409-9C64-5527E175B18F}.Debug|x86.ActiveCfg = Debug|Win32
		{CB8BE6F0-6613-4409-9C64-5527E175B18F}.Debug|x86.Build.0 = Debug|Win32
		{CB8BE6F0-6613-4409-9C64-5527E175B18F}.Release|x64.ActiveCfg = Release|x64
		{CB8BE6F0-6613-4409-9C64-5527E175B18F}.Release|x64.Build.0 = Release|x64
		{CB8BE6F0-6613-4409-9C64-5527E175B18F}.Release|x86.ActiveCfg = Release|Win32
		{CB8BE6F0-6613-4409-9C64-5527E175B18F}.Release|x86.Build.0 = Release|Win32
	EndGlobalSection
	GlobalSection(SolutionProperties) = preSolution
		HideSolutionNode = FALSE
	EndGlobalSection
	GlobalSection(ExtensibilityGlobals) = postSolution
		SolutionGuid = {6633C3A3-766F-4444-9217-C191D57DD6DB}
	EndGlobalSection
EndGlobal
